
Microsoft Visual Studio Solution File, Format Version 12.00
# Visual Studio 2013
VisualStudioVersion = 12.0.31101.0
MinimumVisualStudioVersion = 10.0.40219.1
Project("{2150E333-8FDC-42A3-9474-1A3956D46DE8}") = "Markdown", "Markdown", "{B6289740-56C6-4FF8-A000-A4526CDD5BEC}"
	ProjectSection(SolutionItems) = preProject
		README.md = README.md
		SUMMARY.md = SUMMARY.md
	EndProjectSection
EndProject
Project("{2150E333-8FDC-42A3-9474-1A3956D46DE8}") = "chapters", "chapters", "{F5947CAF-E4DA-425B-979E-54984B177E07}"
EndProject
Project("{2150E333-8FDC-42A3-9474-1A3956D46DE8}") = "1", "1", "{2059E3B3-23EA-497C-A56D-5D5B55BCE563}"
	ProjectSection(SolutionItems) = preProject
		chapters\1\course_breakdown.md = chapters\1\course_breakdown.md
		chapters\1\hardware.md = chapters\1\hardware.md
		chapters\1\programming.md = chapters\1\programming.md
	EndProjectSection
EndProject
Project("{2150E333-8FDC-42A3-9474-1A3956D46DE8}") = "2", "2", "{83586954-ED37-413D-AB12-09BFDD94D031}"
	ProjectSection(SolutionItems) = preProject
		chapters\2\basic_input_output.md = chapters\2\basic_input_output.md
		chapters\2\expressions_1.md = chapters\2\expressions_1.md
		chapters\2\expressions_2.md = chapters\2\expressions_2.md
		chapters\2\variables_and_constants.md = chapters\2\variables_and_constants.md
	EndProjectSection
EndProject
Project("{2150E333-8FDC-42A3-9474-1A3956D46DE8}") = "3", "3", "{52D9D247-96DF-4DE1-9F28-0933210D1EFB}"
	ProjectSection(SolutionItems) = preProject
		chapters\3\looping_structures.md = chapters\3\looping_structures.md
		chapters\3\selection_structures.md = chapters\3\selection_structures.md
		chapters\3\structured_programming.md = chapters\3\structured_programming.md
		chapters\3\style.md = chapters\3\style.md
	EndProjectSection
EndProject
Project("{2150E333-8FDC-42A3-9474-1A3956D46DE8}") = "4", "4", "{0A0B1B92-24B8-4E9D-83D7-CAE2CD4A1C03}"
	ProjectSection(SolutionItems) = preProject
		chapters\4\functions.md = chapters\4\functions.md
		chapters\4\scope.md = chapters\4\scope.md
		chapters\4\walkthroughs.md = chapters\4\walkthroughs.md
	EndProjectSection
EndProject
Project("{2150E333-8FDC-42A3-9474-1A3956D46DE8}") = "5", "5", "{3DC65357-DB86-4CED-A07A-BCEC3EBCDE74}"
	ProjectSection(SolutionItems) = preProject
		chapters\5\output.md = chapters\5\output.md
		chapters\5\pointers.md = chapters\5\pointers.md
	EndProjectSection
EndProject
Project("{2150E333-8FDC-42A3-9474-1A3956D46DE8}") = "6", "6", "{75C26C62-C6B2-47DC-939C-E152FA8C4DCD}"
	ProjectSection(SolutionItems) = preProject
		chapters\6\input.md = chapters\6\input.md
	EndProjectSection
EndProject
Global
	GlobalSection(SolutionProperties) = preSolution
		HideSolutionNode = FALSE
	EndGlobalSection
	GlobalSection(NestedProjects) = preSolution
		{F5947CAF-E4DA-425B-979E-54984B177E07} = {B6289740-56C6-4FF8-A000-A4526CDD5BEC}
		{2059E3B3-23EA-497C-A56D-5D5B55BCE563} = {F5947CAF-E4DA-425B-979E-54984B177E07}
		{83586954-ED37-413D-AB12-09BFDD94D031} = {F5947CAF-E4DA-425B-979E-54984B177E07}
		{52D9D247-96DF-4DE1-9F28-0933210D1EFB} = {F5947CAF-E4DA-425B-979E-54984B177E07}
		{0A0B1B92-24B8-4E9D-83D7-CAE2CD4A1C03} = {F5947CAF-E4DA-425B-979E-54984B177E07}
		{3DC65357-DB86-4CED-A07A-BCEC3EBCDE74} = {F5947CAF-E4DA-425B-979E-54984B177E07}
		{75C26C62-C6B2-47DC-939C-E152FA8C4DCD} = {F5947CAF-E4DA-425B-979E-54984B177E07}
	EndGlobalSection
	GlobalSection(PhysicalSolutionFolders) = postSolution
		NumEntries = 1
		0SolutionFolder = Markdown
		0PhysicalFolder = ..\introduction-to-c-lecture-topic-guide
		0Filter = \.md
		0DirFilter = .*
		0Relative = True
		0Recursive = True
		0Force = False
		0DropEmpty = True
	EndGlobalSection
EndGlobal
